
Microsoft Visual Studio Solution File, Format Version 12.00
# Visual Studio Version 16
VisualStudioVersion = 16.0.31515.178
MinimumVisualStudioVersion = 10.0.40219.1
Project("{FAE04EC0-301F-11D3-BF4B-00C04F79EFBC}") = "FabricadorOrquideas", "FabricadorOrquideas\FabricadorOrquideas.csproj", "{A74FDF08-4356-4C81-8FD5-6D99F3C0BDD9}"
EndProject
Project("{FAE04EC0-301F-11D3-BF4B-00C04F79EFBC}") = "UnitTestProject1", "UnitTestProject1\UnitTestProject1.csproj", "{09399212-D924-4B27-9954-1859B3AA9881}"
EndProject
Global
	GlobalSection(SolutionConfigurationPlatforms) = preSolution
		Debug|Any CPU = Debug|Any CPU
		Release|Any CPU = Release|Any CPU
	EndGlobalSection
	GlobalSection(ProjectConfigurationPlatforms) = postSolution
		{A74FDF08-4356-4C81-8FD5-6D99F3C0BDD9}.Debug|Any CPU.ActiveCfg = Debug|Any CPU
		{A74FDF08-4356-4C81-8FD5-6D99F3C0BDD9}.Debug|Any CPU.Build.0 = Debug|Any CPU
		{A74FDF08-4356-4C81-8FD5-6D99F3C0BDD9}.Release|Any CPU.ActiveCfg = Release|Any CPU
		{A74FDF08-4356-4C81-8FD5-6D99F3C0BDD9}.Release|Any CPU.Build.0 = Release|Any CPU
		{09399212-D924-4B27-9954-1859B3AA9881}.Debug|Any CPU.ActiveCfg = Debug|Any CPU
		{09399212-D924-4B27-9954-1859B3AA9881}.Debug|Any CPU.Build.0 = Debug|Any CPU
		{09399212-D924-4B27-9954-1859B3AA9881}.Release|Any CPU.ActiveCfg = Release|Any CPU
		{09399212-D924-4B27-9954-1859B3AA9881}.Release|Any CPU.Build.0 = Release|Any CPU
	EndGlobalSection
	GlobalSection(SolutionProperties) = preSolution
		HideSolutionNode = FALSE
	EndGlobalSection
	GlobalSection(ExtensibilityGlobals) = postSolution
		SolutionGuid = {B694ECA4-80D8-4C88-84DF-E9F4253E10E7}
	EndGlobalSection
EndGlobal
